
Microsoft Visual Studio Solution File, Format Version 12.00
# Visual Studio Version 16
VisualStudioVersion = 16.0.28803.156
MinimumVisualStudioVersion = 10.0.40219.1
Project("{2150E333-8FDC-42A3-9474-1A3956D46DE8}") = "BLL", "BLL", "{01D4EAE5-6227-42A9-99CB-77EB526941FB}"
EndProject
Project("{2150E333-8FDC-42A3-9474-1A3956D46DE8}") = "PL", "PL", "{9EABBA7C-EE7A-46C7-9CB8-6FB85C2D4577}"
EndProject
Project("{2150E333-8FDC-42A3-9474-1A3956D46DE8}") = "COMMON", "COMMON", "{A85238C4-BA94-4A4D-B3E4-0BA1AF918619}"
EndProject
Project("{2150E333-8FDC-42A3-9474-1A3956D46DE8}") = "DAL", "DAL", "{E1493DD5-A608-4AA3-A681-D0A80E115BC4}"
EndProject
Project("{FAE04EC0-301F-11D3-BF4B-00C04F79EFBC}") = "DAL", "DAL\DAL.csproj", "{31AB7994-6876-48AD-BDF9-27C24AF8751B}"
EndProject
Project("{FAE04EC0-301F-11D3-BF4B-00C04F79EFBC}") = "BusinessLogic", "BusinessLogic\BusinessLogic.csproj", "{1BA9794A-9664-44DC-84A6-CF2010567B2D}"
EndProject
Project("{FAE04EC0-301F-11D3-BF4B-00C04F79EFBC}") = "BussinessLogic.Interface", "BussinessLogic.Interface\BussinessLogic.Interface.csproj", "{AD97C130-2220-41AF-9891-0193A53E1AE3}"
EndProject
Project("{FAE04EC0-301F-11D3-BF4B-00C04F79EFBC}") = "Entities", "Entities\Entities.csproj", "{B0146BEF-EB5E-43EB-BA1F-C51313D96CEF}"
EndProject
Project("{FAE04EC0-301F-11D3-BF4B-00C04F79EFBC}") = "ConsoleApp1", "ConsoleApp1\ConsoleApp1.csproj", "{5100DC8A-70B4-49E8-A441-93E1894114A1}"
EndProject
Project("{FAE04EC0-301F-11D3-BF4B-00C04F79EFBC}") = "DAL.Interface", "DAL.Interface\DAL.Interface.csproj", "{3B202EFB-8145-4B39-A45C-0976D3327C33}"
EndProject
Global
	GlobalSection(SolutionConfigurationPlatforms) = preSolution
		Debug|Any CPU = Debug|Any CPU
		Release|Any CPU = Release|Any CPU
	EndGlobalSection
	GlobalSection(ProjectConfigurationPlatforms) = postSolution
		{31AB7994-6876-48AD-BDF9-27C24AF8751B}.Debug|Any CPU.ActiveCfg = Debug|Any CPU
		{31AB7994-6876-48AD-BDF9-27C24AF8751B}.Debug|Any CPU.Build.0 = Debug|Any CPU
		{31AB7994-6876-48AD-BDF9-27C24AF8751B}.Release|Any CPU.ActiveCfg = Release|Any CPU
		{31AB7994-6876-48AD-BDF9-27C24AF8751B}.Release|Any CPU.Build.0 = Release|Any CPU
		{1BA9794A-9664-44DC-84A6-CF2010567B2D}.Debug|Any CPU.ActiveCfg = Debug|Any CPU
		{1BA9794A-9664-44DC-84A6-CF2010567B2D}.Debug|Any CPU.Build.0 = Debug|Any CPU
		{1BA9794A-9664-44DC-84A6-CF2010567B2D}.Release|Any CPU.ActiveCfg = Release|Any CPU
		{1BA9794A-9664-44DC-84A6-CF2010567B2D}.Release|Any CPU.Build.0 = Release|Any CPU
		{AD97C130-2220-41AF-9891-0193A53E1AE3}.Debug|Any CPU.ActiveCfg = Debug|Any CPU
		{AD97C130-2220-41AF-9891-0193A53E1AE3}.Debug|Any CPU.Build.0 = Debug|Any CPU
		{AD97C130-2220-41AF-9891-0193A53E1AE3}.Release|Any CPU.ActiveCfg = Release|Any CPU
		{AD97C130-2220-41AF-9891-0193A53E1AE3}.Release|Any CPU.Build.0 = Release|Any CPU
		{B0146BEF-EB5E-43EB-BA1F-C51313D96CEF}.Debug|Any CPU.ActiveCfg = Debug|Any CPU
		{B0146BEF-EB5E-43EB-BA1F-C51313D96CEF}.Debug|Any CPU.Build.0 = Debug|Any CPU
		{B0146BEF-EB5E-43EB-BA1F-C51313D96CEF}.Release|Any CPU.ActiveCfg = Release|Any CPU
		{B0146BEF-EB5E-43EB-BA1F-C51313D96CEF}.Release|Any CPU.Build.0 = Release|Any CPU
		{5100DC8A-70B4-49E8-A441-93E1894114A1}.Debug|Any CPU.ActiveCfg = Debug|Any CPU
		{5100DC8A-70B4-49E8-A441-93E1894114A1}.Debug|Any CPU.Build.0 = Debug|Any CPU
		{5100DC8A-70B4-49E8-A441-93E1894114A1}.Release|Any CPU.ActiveCfg = Release|Any CPU
		{5100DC8A-70B4-49E8-A441-93E1894114A1}.Release|Any CPU.Build.0 = Release|Any CPU
		{3B202EFB-8145-4B39-A45C-0976D3327C33}.Debug|Any CPU.ActiveCfg = Debug|Any CPU
		{3B202EFB-8145-4B39-A45C-0976D3327C33}.Debug|Any CPU.Build.0 = Debug|Any CPU
		{3B202EFB-8145-4B39-A45C-0976D3327C33}.Release|Any CPU.ActiveCfg = Release|Any CPU
		{3B202EFB-8145-4B39-A45C-0976D3327C33}.Release|Any CPU.Build.0 = Release|Any CPU
	EndGlobalSection
	GlobalSection(SolutionProperties) = preSolution
		HideSolutionNode = FALSE
	EndGlobalSection
	GlobalSection(NestedProjects) = preSolution
		{31AB7994-6876-48AD-BDF9-27C24AF8751B} = {E1493DD5-A608-4AA3-A681-D0A80E115BC4}
		{1BA9794A-9664-44DC-84A6-CF2010567B2D} = {01D4EAE5-6227-42A9-99CB-77EB526941FB}
		{AD97C130-2220-41AF-9891-0193A53E1AE3} = {01D4EAE5-6227-42A9-99CB-77EB526941FB}
		{B0146BEF-EB5E-43EB-BA1F-C51313D96CEF} = {A85238C4-BA94-4A4D-B3E4-0BA1AF918619}
		{5100DC8A-70B4-49E8-A441-93E1894114A1} = {9EABBA7C-EE7A-46C7-9CB8-6FB85C2D4577}
		{3B202EFB-8145-4B39-A45C-0976D3327C33} = {E1493DD5-A608-4AA3-A681-D0A80E115BC4}
	EndGlobalSection
	GlobalSection(ExtensibilityGlobals) = postSolution
		SolutionGuid = {6609320A-ECD9-4757-A6D8-36245A29796B}
	EndGlobalSection
EndGlobal
